<?xml version="1.0" encoding="utf-8"?>
<Project ToolsVersion="4.0" xmlns="http://schemas.microsoft.com/developer/msbuild/2003">
  <ItemGroup>
    <Filter Include="Source Files">
      <UniqueIdentifier>{4FC737F1-C7A5-4376-A066-2A32D752A2FF}</UniqueIdentifier>
      <Extensions>cpp;c;cc;cxx;c++;cppm;ixx;def;odl;idl;hpj;bat;asm;asmx</Extensions>
    </Filter>
    <Filter Include="Header Files">
      <UniqueIdentifier>{93995380-89BD-4b04-88EB-625FBE52EBFB}</UniqueIdentifier>
      <Extensions>h;hh;hpp;hxx;h++;hm;inl;inc;ipp;xsd</Extensions>
    </Filter>
    <Filter Include="Resource Files">
      <UniqueIdentifier>{67DA6AB6-F800-4c08-8B7A-83BB121AAD01}</UniqueIdentifier>
      <Extensions>rc;ico;cur;bmp;dlg;rc2;rct;bin;rgs;gif;jpg;jpeg;jpe;resx;tiff;tif;png;wav;mfcribbon-ms</Extensions>
    </Filter>
    <Filter Include="DolphinSource">
      <UniqueIdentifier>{9dce9ab6-cd41-4554-b194-33b18b05d3c7}</UniqueIdentifier>
    </Filter>
    <Filter Include="Core">
      <UniqueIdentifier>{4abe425a-2227-44d4-9837-c8029dea08a5}</UniqueIdentifier>
    </Filter>
    <Filter Include="Runner">
      <UniqueIdentifier>{5165d966-47aa-4c8d-9ebe-cd102ccb289d}</UniqueIdentifier>
    </Filter>
    <Filter Include="Utils">
      <UniqueIdentifier>{44d5a27b-0a42-4f94-83b3-20b148da213b}</UniqueIdentifier>
    </Filter>
    <Filter Include="IO">
      <UniqueIdentifier>{3323c09c-2ff3-43bc-a6ae-4d4bb181334e}</UniqueIdentifier>
    </Filter>
    <Filter Include="Runner\VM">
      <UniqueIdentifier>{1ade13ea-176c-4287-8a73-b2ec1bb22622}</UniqueIdentifier>
    </Filter>
    <Filter Include="Phases">
      <UniqueIdentifier>{eb879b3c-e922-4ee8-a291-4569a8483ab3}</UniqueIdentifier>
    </Filter>
    <Filter Include="Runner\Parallel">
      <UniqueIdentifier>{b647e348-4ca8-4ad9-b705-221011c4a2ab}</UniqueIdentifier>
    </Filter>
    <Filter Include="_TODO">
      <UniqueIdentifier>{2d740122-075a-47be-a3de-5b927af8ae86}</UniqueIdentifier>
    </Filter>
    <Filter Include="Runner\Breakpoints">
      <UniqueIdentifier>{eb90977c-bb6f-467c-9b6a-46f72e40aa63}</UniqueIdentifier>
    </Filter>
    <Filter Include="Core\Memory">
      <UniqueIdentifier>{c909555e-6482-421c-b1e0-e0c35effd5cb}</UniqueIdentifier>
    </Filter>
    <Filter Include="Runner\VM\ContextKeys">
      <UniqueIdentifier>{8987669f-91b2-4803-8592-a9dbdfb990b4}</UniqueIdentifier>
    </Filter>
    <Filter Include="Core\Input">
      <UniqueIdentifier>{373281a5-8d14-4def-8c6e-04cf1813e308}</UniqueIdentifier>
    </Filter>
    <Filter Include="Core\Input\SoaBattle">
      <UniqueIdentifier>{64627c62-a0ea-4746-a12c-dee069c8c424}</UniqueIdentifier>
    </Filter>
    <Filter Include="Core\Memory\Soa">
      <UniqueIdentifier>{fa6ecda5-1880-4902-9743-151eefb2211a}</UniqueIdentifier>
    </Filter>
    <Filter Include="Core\Memory\Soa\Battle">
      <UniqueIdentifier>{983422ad-78e5-45fd-9b4f-833652f3ef10}</UniqueIdentifier>
    </Filter>
    <Filter Include="Phases\TasMovie">
      <UniqueIdentifier>{b45cfc68-55c6-4d32-9ebf-6c99a00387fb}</UniqueIdentifier>
    </Filter>
    <Filter Include="Phases\BattleContext">
      <UniqueIdentifier>{8b0fb7f2-30e4-415d-aa1e-d7151ae137a9}</UniqueIdentifier>
    </Filter>
    <Filter Include="Phases\BattleRunner">
      <UniqueIdentifier>{52936252-3c3f-4a39-88b3-6228fe8151e7}</UniqueIdentifier>
    </Filter>
    <Filter Include="Phases\SeedProbe">
      <UniqueIdentifier>{9970f495-ed71-4548-bb91-77f7142e3522}</UniqueIdentifier>
    </Filter>
    <Filter Include="DB">
      <UniqueIdentifier>{07954794-7b78-495a-b539-797c40af33f9}</UniqueIdentifier>
    </Filter>
    <Filter Include="DB\Migration">
      <UniqueIdentifier>{9ae008db-3dc2-4b7a-b1df-5692a1c350b8}</UniqueIdentifier>
    </Filter>
  </ItemGroup>
  <ItemGroup>
    <ClInclude Include="framework.h">
      <Filter>Header Files</Filter>
    </ClInclude>
    <ClInclude Include="Core\Config\SimConfig.h">
      <Filter>Header Files</Filter>
    </ClInclude>
    <ClInclude Include="Boot\Boot.h">
      <Filter>Core</Filter>
    </ClInclude>
    <ClInclude Include="Core\Branching\Branching.h">
      <Filter>Core</Filter>
    </ClInclude>
    <ClInclude Include="Core\DolphinWrapper.h">
      <Filter>Core</Filter>
    </ClInclude>
    <ClInclude Include="Utils\Log.h">
      <Filter>Utils</Filter>
    </ClInclude>
    <ClInclude Include="Utils\SafeEnv.h">
      <Filter>Utils</Filter>
    </ClInclude>
    <ClInclude Include="Core\Shims\StateBufferShim.h">
      <Filter>Core</Filter>
    </ClInclude>
    <ClInclude Include="Runner\Parallel\ParallelPhaseScriptRunner.h">
      <Filter>Runner\Parallel</Filter>
    </ClInclude>
    <ClInclude Include="Runner\Parallel\ProcessWorker.h">
      <Filter>Runner\Parallel</Filter>
    </ClInclude>
    <ClInclude Include="Utils\ThreadName.h">
      <Filter>Utils</Filter>
    </ClInclude>
    <ClInclude Include="Utils\EnsureSys.h">
      <Filter>Utils</Filter>
    </ClInclude>
    <ClInclude Include="Utils\DeltaColorizer.h">
      <Filter>Utils</Filter>
    </ClInclude>
    <ClInclude Include="Utils\MultiProgress.h">
      <Filter>Utils</Filter>
    </ClInclude>
    <ClInclude Include="Utils\ProgressBar.h">
      <Filter>Utils</Filter>
    </ClInclude>
    <ClInclude Include="Phases\RNGSeedDeltaMap.h">
      <Filter>Phases</Filter>
    </ClInclude>
    <ClInclude Include="Tas\DtmFile.h">
      <Filter>IO</Filter>
    </ClInclude>
    <ClInclude Include="Phases\FirstBattleGenerator.h">
      <Filter>Phases</Filter>
    </ClInclude>
    <ClInclude Include="Runner\Script\PhaseScriptVM.h">
      <Filter>Runner\VM</Filter>
    </ClInclude>
    <ClInclude Include="Runner\Script\PSContextCodec.h">
      <Filter>Runner\VM</Filter>
    </ClInclude>
    <ClInclude Include="Utils\Time.h">
      <Filter>Utils</Filter>
    </ClInclude>
    <ClInclude Include="Runner\Breakpoints\BPRegistry.h">
      <Filter>Runner\Breakpoints</Filter>
    </ClInclude>
    <ClInclude Include="Runner\Breakpoints\BP.def.h">
      <Filter>Runner\Breakpoints</Filter>
    </ClInclude>
    <ClInclude Include="Phases\Programs\BattleRunner\BattleRunnerPayload.h">
      <Filter>Phases\BattleRunner</Filter>
    </ClInclude>
    <ClInclude Include="Phases\Programs\BattleRunner\BattleRunnerScript.h">
      <Filter>Phases\BattleRunner</Filter>
    </ClInclude>
    <ClInclude Include="Phases\Programs\SeedProbe\SeedProbePayload.h">
      <Filter>Phases\SeedProbe</Filter>
    </ClInclude>
    <ClInclude Include="Phases\Programs\SeedProbe\SeedProbeScript.h">
      <Filter>Phases\SeedProbe</Filter>
    </ClInclude>
    <ClInclude Include="Phases\Programs\PlayTasMovie\TasMovieScript.h">
      <Filter>Phases\TasMovie</Filter>
    </ClInclude>
    <ClInclude Include="Phases\Programs\PlayTasMovie\TasMoviePayload.h">
      <Filter>Phases\TasMovie</Filter>
    </ClInclude>
    <ClInclude Include="Phases\Programs\BattleContext\BattleContextScript.h">
      <Filter>Phases\BattleContext</Filter>
    </ClInclude>
    <ClInclude Include="Core\Memory\MemView.h">
      <Filter>Core\Memory</Filter>
    </ClInclude>
    <ClInclude Include="Core\Memory\Endian.h">
      <Filter>Core\Memory</Filter>
    </ClInclude>
    <ClInclude Include="Runner\Breakpoints\Predicate.h">
      <Filter>Runner\Breakpoints</Filter>
    </ClInclude>
    <ClInclude Include="Phases\Programs\BattleRunner\BattleOutcome.h">
      <Filter>Phases\BattleRunner</Filter>
    </ClInclude>
    <ClInclude Include="Runner\Script\ContextKeys\BattleRunnerKeys.reg.h">
      <Filter>Runner\VM\ContextKeys</Filter>
    </ClInclude>
    <ClInclude Include="Runner\Script\ContextKeys\KeyIds.h">
      <Filter>Runner\VM\ContextKeys</Filter>
    </ClInclude>
    <ClInclude Include="Runner\Script\ContextKeys\SeedProbeKeys.reg.h">
      <Filter>Runner\VM\ContextKeys</Filter>
    </ClInclude>
    <ClInclude Include="Runner\Script\ContextKeys\TasMovieKeys.reg.h">
      <Filter>Runner\VM\ContextKeys</Filter>
    </ClInclude>
    <ClInclude Include="Runner\Script\ContextKeys\VMCoreKeys.reg.h">
      <Filter>Runner\VM\ContextKeys</Filter>
    </ClInclude>
    <ClInclude Include="Runner\Script\ContextKeys\KeyRegistry.h">
      <Filter>Runner\VM</Filter>
    </ClInclude>
    <ClInclude Include="Runner\IPC\Wire.h">
      <Filter>Runner</Filter>
    </ClInclude>
    <ClInclude Include="Runner\Parallel\TSQueue.h">
      <Filter>Runner</Filter>
    </ClInclude>
    <ClInclude Include="Runner\Parallel\PRTypes.h">
      <Filter>Runner</Filter>
    </ClInclude>
    <ClInclude Include="Core\Input\InputPlanFmt.h">
      <Filter>Core\Input</Filter>
    </ClInclude>
    <ClInclude Include="Core\Input\InputPlan.h">
      <Filter>Core\Input</Filter>
    </ClInclude>
    <ClInclude Include="Core\Input\GCPadOverride.h">
      <Filter>Core\Input</Filter>
    </ClInclude>
    <ClInclude Include="Core\Input\SoaBattle\ActionLibrary.h">
      <Filter>Core\Input\SoaBattle</Filter>
    </ClInclude>
    <ClInclude Include="Core\Input\SoaBattle\ActionTypes.h">
      <Filter>Core\Input\SoaBattle</Filter>
    </ClInclude>
    <ClInclude Include="Core\Input\SoaBattle\PlanWriter.h">
      <Filter>Core\Input\SoaBattle</Filter>
    </ClInclude>
    <ClInclude Include="Core\Input\SoaBattle\ActionPlanSerializer.h">
      <Filter>Core\Input\SoaBattle</Filter>
    </ClInclude>
    <ClInclude Include="Phases\BattleExplorer.h">
      <Filter>Phases</Filter>
    </ClInclude>
    <ClInclude Include="Core\Memory\Soa\SoaAddr.def.h">
      <Filter>Core\Memory\Soa</Filter>
    </ClInclude>
    <ClInclude Include="Core\Memory\Soa\SoaAddrRegistry.h">
      <Filter>Core\Memory\Soa</Filter>
    </ClInclude>
    <ClInclude Include="Core\Memory\Soa\SoaConstants.h">
      <Filter>Core\Memory\Soa</Filter>
    </ClInclude>
    <ClInclude Include="Core\Memory\Soa\SoaStructReaders.h">
      <Filter>Core\Memory\Soa</Filter>
    </ClInclude>
    <ClInclude Include="Core\Memory\Soa\SoaStructs.h">
      <Filter>Core\Memory\Soa</Filter>
    </ClInclude>
    <ClInclude Include="Core\Memory\Soa\SoaStructs.reflect.h">
      <Filter>Core\Memory\Soa</Filter>
    </ClInclude>
    <ClInclude Include="Core\Memory\Soa\Battle\BattleContext.h">
      <Filter>Core\Memory\Soa\Battle</Filter>
    </ClInclude>
    <ClInclude Include="Core\Memory\Soa\Battle\BattleContextCodec.h">
      <Filter>Core\Memory\Soa\Battle</Filter>
    </ClInclude>
    <ClInclude Include="Core\Memory\DerivedBase.h">
      <Filter>Core\Memory</Filter>
    </ClInclude>
    <ClInclude Include="Core\Memory\IKeyReader.h">
      <Filter>Core\Memory</Filter>
    </ClInclude>
    <ClInclude Include="Core\Memory\KeyHostRouter.h">
      <Filter>Core\Memory</Filter>
    </ClInclude>
    <ClInclude Include="Core\Memory\Soa\Battle\DerivedBattleBuffer.h">
      <Filter>Core\Memory\Soa\Battle</Filter>
    </ClInclude>
    <ClInclude Include="Core\Memory\Soa\Battle\DerivedBattleBuffer.addr.h">
      <Filter>Core\Memory\Soa\Battle</Filter>
    </ClInclude>
    <ClInclude Include="Runner\Script\PSContext.h">
      <Filter>Runner\VM</Filter>
    </ClInclude>
    <ClInclude Include="Core\Memory\Soa\SoaAddrProgram.h">
      <Filter>Core\Memory\Soa</Filter>
    </ClInclude>
    <ClInclude Include="Core\Memory\Soa\SoaAddrProgramBuilder.h">
      <Filter>Core\Memory\Soa</Filter>
    </ClInclude>
    <ClInclude Include="Core\Memory\Soa\SoaAddrCatalog.h">
      <Filter>Core\Memory\Soa</Filter>
    </ClInclude>
    <ClInclude Include="Phases\Programs\ProgramRegistry.h">
      <Filter>Phases</Filter>
    </ClInclude>
    <ClInclude Include="Phases\Programs\BattleContext\BattleContextPayload.h">
      <Filter>Phases\BattleContext</Filter>
    </ClInclude>
    <ClInclude Include="DB\SavestateRepo.h">
      <Filter>DB</Filter>
    </ClInclude>
    <ClInclude Include="DB\DbEnv.h">
      <Filter>DB</Filter>
    </ClInclude>
    <ClInclude Include="DB\MigrationRunner.h">
      <Filter>DB</Filter>
    </ClInclude>
    <ClInclude Include="DB\ObjectStore.h">
      <Filter>DB</Filter>
    </ClInclude>
    <ClInclude Include="DB\MigrationRunner_Embedded.h">
      <Filter>DB</Filter>
    </ClInclude>
  </ItemGroup>
  <ItemGroup>
    <ClCompile Include="SimCore.cpp">
      <Filter>Source Files</Filter>
    </ClCompile>
    <ClCompile Include="..\..\dolphin-2506a\Source\Core\Core\WiiUtils.cpp">
      <Filter>DolphinSource</Filter>
    </ClCompile>
    <ClCompile Include="..\..\dolphin-2506a\Source\Core\Core\AchievementManager.cpp">
      <Filter>DolphinSource</Filter>
    </ClCompile>
    <ClCompile Include="..\..\dolphin-2506a\Source\Core\Core\ActionReplay.cpp">
      <Filter>DolphinSource</Filter>
    </ClCompile>
    <ClCompile Include="..\..\dolphin-2506a\Source\Core\Core\ARDecrypt.cpp">
      <Filter>DolphinSource</Filter>
    </ClCompile>
    <ClCompile Include="..\..\dolphin-2506a\Source\Core\Core\BootManager.cpp">
      <Filter>DolphinSource</Filter>
    </ClCompile>
    <ClCompile Include="..\..\dolphin-2506a\Source\Core\Core\CheatGeneration.cpp">
      <Filter>DolphinSource</Filter>
    </ClCompile>
    <ClCompile Include="..\..\dolphin-2506a\Source\Core\Core\CheatSearch.cpp">
      <Filter>DolphinSource</Filter>
    </ClCompile>
    <ClCompile Include="..\..\dolphin-2506a\Source\Core\Core\ConfigManager.cpp">
      <Filter>DolphinSource</Filter>
    </ClCompile>
    <ClCompile Include="..\..\dolphin-2506a\Source\Core\Core\Core.cpp">
      <Filter>DolphinSource</Filter>
    </ClCompile>
    <ClCompile Include="..\..\dolphin-2506a\Source\Core\Core\CoreTiming.cpp">
      <Filter>DolphinSource</Filter>
    </ClCompile>
    <ClCompile Include="..\..\dolphin-2506a\Source\Core\Core\CPUThreadConfigCallback.cpp">
      <Filter>DolphinSource</Filter>
    </ClCompile>
    <ClCompile Include="..\..\dolphin-2506a\Source\Core\Core\DolphinAnalytics.cpp">
      <Filter>DolphinSource</Filter>
    </ClCompile>
    <ClCompile Include="..\..\dolphin-2506a\Source\Core\Core\DSPEmulator.cpp">
      <Filter>DolphinSource</Filter>
    </ClCompile>
    <ClCompile Include="..\..\dolphin-2506a\Source\Core\Core\FreeLookConfig.cpp">
      <Filter>DolphinSource</Filter>
    </ClCompile>
    <ClCompile Include="..\..\dolphin-2506a\Source\Core\Core\FreeLookManager.cpp">
      <Filter>DolphinSource</Filter>
    </ClCompile>
    <ClCompile Include="..\..\dolphin-2506a\Source\Core\Core\GeckoCode.cpp">
      <Filter>DolphinSource</Filter>
    </ClCompile>
    <ClCompile Include="..\..\dolphin-2506a\Source\Core\Core\GeckoCodeConfig.cpp">
      <Filter>DolphinSource</Filter>
    </ClCompile>
    <ClCompile Include="..\..\dolphin-2506a\Source\Core\Core\HotkeyManager.cpp">
      <Filter>DolphinSource</Filter>
    </ClCompile>
    <ClCompile Include="..\..\dolphin-2506a\Source\Core\Core\LibusbUtils.cpp">
      <Filter>DolphinSource</Filter>
    </ClCompile>
    <ClCompile Include="..\..\dolphin-2506a\Source\Core\Core\MemoryWatcher.cpp">
      <Filter>DolphinSource</Filter>
    </ClCompile>
    <ClCompile Include="..\..\dolphin-2506a\Source\Core\Core\MemTools.cpp">
      <Filter>DolphinSource</Filter>
    </ClCompile>
    <ClCompile Include="..\..\dolphin-2506a\Source\Core\Core\Movie.cpp">
      <Filter>DolphinSource</Filter>
    </ClCompile>
    <ClCompile Include="..\..\dolphin-2506a\Source\Core\Core\NetPlayClient.cpp">
      <Filter>DolphinSource</Filter>
    </ClCompile>
    <ClCompile Include="..\..\dolphin-2506a\Source\Core\Core\NetPlayCommon.cpp">
      <Filter>DolphinSource</Filter>
    </ClCompile>
    <ClCompile Include="..\..\dolphin-2506a\Source\Core\Core\NetPlayServer.cpp">
      <Filter>DolphinSource</Filter>
    </ClCompile>
    <ClCompile Include="..\..\dolphin-2506a\Source\Core\Core\NetworkCaptureLogger.cpp">
      <Filter>DolphinSource</Filter>
    </ClCompile>
    <ClCompile Include="..\..\dolphin-2506a\Source\Core\Core\PatchEngine.cpp">
      <Filter>DolphinSource</Filter>
    </ClCompile>
    <ClCompile Include="..\..\dolphin-2506a\Source\Core\Core\State.cpp">
      <Filter>DolphinSource</Filter>
    </ClCompile>
    <ClCompile Include="..\..\dolphin-2506a\Source\Core\Core\SysConf.cpp">
      <Filter>DolphinSource</Filter>
    </ClCompile>
    <ClCompile Include="..\..\dolphin-2506a\Source\Core\Core\System.cpp">
      <Filter>DolphinSource</Filter>
    </ClCompile>
    <ClCompile Include="..\..\dolphin-2506a\Source\Core\Core\TimePlayed.cpp">
      <Filter>DolphinSource</Filter>
    </ClCompile>
    <ClCompile Include="..\..\dolphin-2506a\Source\Core\Core\TitleDatabase.cpp">
      <Filter>DolphinSource</Filter>
    </ClCompile>
    <ClCompile Include="..\..\dolphin-2506a\Source\Core\Core\WC24PatchEngine.cpp">
      <Filter>DolphinSource</Filter>
    </ClCompile>
    <ClCompile Include="..\..\dolphin-2506a\Source\Core\Core\WiiRoot.cpp">
      <Filter>DolphinSource</Filter>
    </ClCompile>
    <ClCompile Include="..\..\dolphin-2506a\Source\Core\DiscIO\VolumeGC.cpp">
      <Filter>DolphinSource</Filter>
    </ClCompile>
    <ClCompile Include="..\..\dolphin-2506a\Source\Core\DiscIO\VolumeVerifier.cpp">
      <Filter>DolphinSource</Filter>
    </ClCompile>
    <ClCompile Include="..\..\dolphin-2506a\Source\Core\DiscIO\VolumeWad.cpp">
      <Filter>DolphinSource</Filter>
    </ClCompile>
    <ClCompile Include="..\..\dolphin-2506a\Source\Core\DiscIO\VolumeWii.cpp">
      <Filter>DolphinSource</Filter>
    </ClCompile>
    <ClCompile Include="..\..\dolphin-2506a\Source\Core\DiscIO\WbfsBlob.cpp">
      <Filter>DolphinSource</Filter>
    </ClCompile>
    <ClCompile Include="..\..\dolphin-2506a\Source\Core\DiscIO\WIABlob.cpp">
      <Filter>DolphinSource</Filter>
    </ClCompile>
    <ClCompile Include="..\..\dolphin-2506a\Source\Core\DiscIO\WIACompression.cpp">
      <Filter>DolphinSource</Filter>
    </ClCompile>
    <ClCompile Include="..\..\dolphin-2506a\Source\Core\DiscIO\WiiEncryptionCache.cpp">
      <Filter>DolphinSource</Filter>
    </ClCompile>
    <ClCompile Include="..\..\dolphin-2506a\Source\Core\DiscIO\WiiSaveBanner.cpp">
      <Filter>DolphinSource</Filter>
    </ClCompile>
    <ClCompile Include="..\..\dolphin-2506a\Source\Core\DiscIO\Blob.cpp">
      <Filter>DolphinSource</Filter>
    </ClCompile>
    <ClCompile Include="..\..\dolphin-2506a\Source\Core\DiscIO\CISOBlob.cpp">
      <Filter>DolphinSource</Filter>
    </ClCompile>
    <ClCompile Include="..\..\dolphin-2506a\Source\Core\DiscIO\CompressedBlob.cpp">
      <Filter>DolphinSource</Filter>
    </ClCompile>
    <ClCompile Include="..\..\dolphin-2506a\Source\Core\DiscIO\DirectoryBlob.cpp">
      <Filter>DolphinSource</Filter>
    </ClCompile>
    <ClCompile Include="..\..\dolphin-2506a\Source\Core\DiscIO\DiscExtractor.cpp">
      <Filter>DolphinSource</Filter>
    </ClCompile>
    <ClCompile Include="..\..\dolphin-2506a\Source\Core\DiscIO\DiscScrubber.cpp">
      <Filter>DolphinSource</Filter>
    </ClCompile>
    <ClCompile Include="..\..\dolphin-2506a\Source\Core\DiscIO\DiscUtils.cpp">
      <Filter>DolphinSource</Filter>
    </ClCompile>
    <ClCompile Include="..\..\dolphin-2506a\Source\Core\DiscIO\Enums.cpp">
      <Filter>DolphinSource</Filter>
    </ClCompile>
    <ClCompile Include="..\..\dolphin-2506a\Source\Core\DiscIO\FileBlob.cpp">
      <Filter>DolphinSource</Filter>
    </ClCompile>
    <ClCompile Include="..\..\dolphin-2506a\Source\Core\DiscIO\Filesystem.cpp">
      <Filter>DolphinSource</Filter>
    </ClCompile>
    <ClCompile Include="..\..\dolphin-2506a\Source\Core\DiscIO\FileSystemGCWii.cpp">
      <Filter>DolphinSource</Filter>
    </ClCompile>
    <ClCompile Include="..\..\dolphin-2506a\Source\Core\DiscIO\GameModDescriptor.cpp">
      <Filter>DolphinSource</Filter>
    </ClCompile>
    <ClCompile Include="..\..\dolphin-2506a\Source\Core\DiscIO\LaggedFibonacciGenerator.cpp">
      <Filter>DolphinSource</Filter>
    </ClCompile>
    <ClCompile Include="..\..\dolphin-2506a\Source\Core\DiscIO\NANDImporter.cpp">
      <Filter>DolphinSource</Filter>
    </ClCompile>
    <ClCompile Include="..\..\dolphin-2506a\Source\Core\DiscIO\NFSBlob.cpp">
      <Filter>DolphinSource</Filter>
    </ClCompile>
    <ClCompile Include="..\..\dolphin-2506a\Source\Core\DiscIO\RiivolutionParser.cpp">
      <Filter>DolphinSource</Filter>
    </ClCompile>
    <ClCompile Include="..\..\dolphin-2506a\Source\Core\DiscIO\RiivolutionPatcher.cpp">
      <Filter>DolphinSource</Filter>
    </ClCompile>
    <ClCompile Include="..\..\dolphin-2506a\Source\Core\DiscIO\ScrubbedBlob.cpp">
      <Filter>DolphinSource</Filter>
    </ClCompile>
    <ClCompile Include="..\..\dolphin-2506a\Source\Core\DiscIO\SplitFileBlob.cpp">
      <Filter>DolphinSource</Filter>
    </ClCompile>
    <ClCompile Include="..\..\dolphin-2506a\Source\Core\DiscIO\TGCBlob.cpp">
      <Filter>DolphinSource</Filter>
    </ClCompile>
    <ClCompile Include="..\..\dolphin-2506a\Source\Core\DiscIO\Volume.cpp">
      <Filter>DolphinSource</Filter>
    </ClCompile>
    <ClCompile Include="..\..\dolphin-2506a\Source\Core\DiscIO\VolumeDisc.cpp">
      <Filter>DolphinSource</Filter>
    </ClCompile>
    <ClCompile Include="..\..\dolphin-2506a\Source\Core\DiscIO\VolumeFileBlobReader.cpp">
      <Filter>DolphinSource</Filter>
    </ClCompile>
    <ClCompile Include="..\..\dolphin-2506a\Source\Core\UICommon\AutoUpdate.cpp">
      <Filter>DolphinSource</Filter>
    </ClCompile>
    <ClCompile Include="..\..\dolphin-2506a\Source\Core\UICommon\CommandLineParse.cpp">
      <Filter>DolphinSource</Filter>
    </ClCompile>
    <ClCompile Include="..\..\dolphin-2506a\Source\Core\UICommon\DBusUtils.cpp">
      <Filter>DolphinSource</Filter>
    </ClCompile>
    <ClCompile Include="..\..\dolphin-2506a\Source\Core\UICommon\DiscordPresence.cpp">
      <Filter>DolphinSource</Filter>
    </ClCompile>
    <ClCompile Include="..\..\dolphin-2506a\Source\Core\UICommon\GameFile.cpp">
      <Filter>DolphinSource</Filter>
    </ClCompile>
    <ClCompile Include="..\..\dolphin-2506a\Source\Core\UICommon\GameFileCache.cpp">
      <Filter>DolphinSource</Filter>
    </ClCompile>
    <ClCompile Include="..\..\dolphin-2506a\Source\Core\UICommon\NetPlayIndex.cpp">
      <Filter>DolphinSource</Filter>
    </ClCompile>
    <ClCompile Include="..\..\dolphin-2506a\Source\Core\UICommon\UICommon.cpp">
      <Filter>DolphinSource</Filter>
    </ClCompile>
    <ClCompile Include="..\..\dolphin-2506a\Source\Core\UICommon\USBUtils.cpp">
      <Filter>DolphinSource</Filter>
    </ClCompile>
    <ClCompile Include="..\..\dolphin-2506a\Source\Core\UICommon\X11Utils.cpp">
      <Filter>DolphinSource</Filter>
    </ClCompile>
    <ClCompile Include="..\..\dolphin-2506a\Source\Core\Core\Boot\ElfReader.cpp">
      <Filter>DolphinSource</Filter>
    </ClCompile>
    <ClCompile Include="..\..\dolphin-2506a\Source\Core\Core\Boot\Boot.cpp">
      <Filter>DolphinSource</Filter>
    </ClCompile>
    <ClCompile Include="..\..\dolphin-2506a\Source\Core\Core\Boot\Boot_BS2Emu.cpp">
      <Filter>DolphinSource</Filter>
    </ClCompile>
    <ClCompile Include="..\..\dolphin-2506a\Source\Core\Core\Boot\Boot_WiiWAD.cpp">
      <Filter>DolphinSource</Filter>
    </ClCompile>
    <ClCompile Include="..\..\dolphin-2506a\Source\Core\Core\Boot\DolReader.cpp">
      <Filter>DolphinSource</Filter>
    </ClCompile>
    <ClCompile Include="..\..\dolphin-2506a\Source\Core\Core\Config\AchievementSettings.cpp">
      <Filter>DolphinSource</Filter>
    </ClCompile>
    <ClCompile Include="..\..\dolphin-2506a\Source\Core\Core\Config\DefaultLocale.cpp">
      <Filter>DolphinSource</Filter>
    </ClCompile>
    <ClCompile Include="..\..\dolphin-2506a\Source\Core\Core\Config\FreeLookSettings.cpp">
      <Filter>DolphinSource</Filter>
    </ClCompile>
    <ClCompile Include="..\..\dolphin-2506a\Source\Core\Core\Config\GraphicsSettings.cpp">
      <Filter>DolphinSource</Filter>
    </ClCompile>
    <ClCompile Include="..\..\dolphin-2506a\Source\Core\Core\Config\MainSettings.cpp">
      <Filter>DolphinSource</Filter>
    </ClCompile>
    <ClCompile Include="..\..\dolphin-2506a\Source\Core\Core\Config\NetplaySettings.cpp">
      <Filter>DolphinSource</Filter>
    </ClCompile>
    <ClCompile Include="..\..\dolphin-2506a\Source\Core\Core\Config\SessionSettings.cpp">
      <Filter>DolphinSource</Filter>
    </ClCompile>
    <ClCompile Include="..\..\dolphin-2506a\Source\Core\Core\Config\SYSCONFSettings.cpp">
      <Filter>DolphinSource</Filter>
    </ClCompile>
    <ClCompile Include="..\..\dolphin-2506a\Source\Core\Core\Config\UISettings.cpp">
      <Filter>DolphinSource</Filter>
    </ClCompile>
    <ClCompile Include="..\..\dolphin-2506a\Source\Core\Core\Config\WiimoteSettings.cpp">
      <Filter>DolphinSource</Filter>
    </ClCompile>
    <ClCompile Include="..\..\dolphin-2506a\Source\Core\InputCommon\DynamicInputTextureManager.cpp">
      <Filter>DolphinSource</Filter>
    </ClCompile>
    <ClCompile Include="..\..\dolphin-2506a\Source\Core\InputCommon\GCAdapter.cpp">
      <Filter>DolphinSource</Filter>
    </ClCompile>
    <ClCompile Include="..\..\dolphin-2506a\Source\Core\InputCommon\ImageOperations.cpp">
      <Filter>DolphinSource</Filter>
    </ClCompile>
    <ClCompile Include="..\..\dolphin-2506a\Source\Core\InputCommon\InputConfig.cpp">
      <Filter>DolphinSource</Filter>
    </ClCompile>
    <ClCompile Include="..\..\dolphin-2506a\Source\Core\InputCommon\InputProfile.cpp">
      <Filter>DolphinSource</Filter>
    </ClCompile>
    <ClCompile Include="..\..\dolphin-2506a\Source\Core\Common\Thread.cpp">
      <Filter>DolphinSource</Filter>
    </ClCompile>
    <ClCompile Include="..\..\dolphin-2506a\Source\Core\Common\Timer.cpp">
      <Filter>DolphinSource</Filter>
    </ClCompile>
    <ClCompile Include="..\..\dolphin-2506a\Source\Core\Common\TimeUtil.cpp">
      <Filter>DolphinSource</Filter>
    </ClCompile>
    <ClCompile Include="..\..\dolphin-2506a\Source\Core\Common\TraversalClient.cpp">
      <Filter>DolphinSource</Filter>
    </ClCompile>
    <ClCompile Include="..\..\dolphin-2506a\Source\Core\Common\TraversalServer.cpp">
      <Filter>DolphinSource</Filter>
    </ClCompile>
    <ClCompile Include="..\..\dolphin-2506a\Source\Core\Common\UPnP.cpp">
      <Filter>DolphinSource</Filter>
    </ClCompile>
    <ClCompile Include="..\..\dolphin-2506a\Source\Core\Common\Version.cpp">
      <Filter>DolphinSource</Filter>
    </ClCompile>
    <ClCompile Include="..\..\dolphin-2506a\Source\Core\Common\WindowsRegistry.cpp">
      <Filter>DolphinSource</Filter>
    </ClCompile>
    <ClCompile Include="..\..\dolphin-2506a\Source\Core\Common\x64ABI.cpp">
      <Filter>DolphinSource</Filter>
    </ClCompile>
    <ClCompile Include="..\..\dolphin-2506a\Source\Core\Common\x64CPUDetect.cpp">
      <Filter>DolphinSource</Filter>
    </ClCompile>
    <ClCompile Include="..\..\dolphin-2506a\Source\Core\Common\x64Emitter.cpp">
      <Filter>DolphinSource</Filter>
    </ClCompile>
    <ClCompile Include="..\..\dolphin-2506a\Source\Core\Common\x64FPURoundMode.cpp">
      <Filter>DolphinSource</Filter>
    </ClCompile>
    <ClCompile Include="..\..\dolphin-2506a\Source\Core\Common\Analytics.cpp">
      <Filter>DolphinSource</Filter>
    </ClCompile>
    <ClCompile Include="..\..\dolphin-2506a\Source\Core\Common\AndroidAnalytics.cpp">
      <Filter>DolphinSource</Filter>
    </ClCompile>
    <ClCompile Include="..\..\dolphin-2506a\Source\Core\Common\Arm64Emitter.cpp">
      <Filter>DolphinSource</Filter>
    </ClCompile>
    <ClCompile Include="..\..\dolphin-2506a\Source\Core\Common\ArmCPUDetect.cpp">
      <Filter>DolphinSource</Filter>
    </ClCompile>
    <ClCompile Include="..\..\dolphin-2506a\Source\Core\Common\ArmFPURoundMode.cpp">
      <Filter>DolphinSource</Filter>
    </ClCompile>
    <ClCompile Include="..\..\dolphin-2506a\Source\Core\Common\ColorUtil.cpp">
      <Filter>DolphinSource</Filter>
    </ClCompile>
    <ClCompile Include="..\..\dolphin-2506a\Source\Core\Common\CommonFuncs.cpp">
      <Filter>DolphinSource</Filter>
    </ClCompile>
    <ClCompile Include="..\..\dolphin-2506a\Source\Core\Common\CompatPatches.cpp">
      <Filter>DolphinSource</Filter>
    </ClCompile>
    <ClCompile Include="..\..\dolphin-2506a\Source\Core\Common\DynamicLibrary.cpp">
      <Filter>DolphinSource</Filter>
    </ClCompile>
    <ClCompile Include="..\..\dolphin-2506a\Source\Core\Common\ENet.cpp">
      <Filter>DolphinSource</Filter>
    </ClCompile>
    <ClCompile Include="..\..\dolphin-2506a\Source\Core\Common\FatFsUtil.cpp">
      <Filter>DolphinSource</Filter>
    </ClCompile>
    <ClCompile Include="..\..\dolphin-2506a\Source\Core\Common\FileSearch.cpp">
      <Filter>DolphinSource</Filter>
    </ClCompile>
    <ClCompile Include="..\..\dolphin-2506a\Source\Core\Common\FileUtil.cpp">
      <Filter>DolphinSource</Filter>
    </ClCompile>
    <ClCompile Include="..\..\dolphin-2506a\Source\Core\Common\FloatUtils.cpp">
      <Filter>DolphinSource</Filter>
    </ClCompile>
    <ClCompile Include="..\..\dolphin-2506a\Source\Core\Common\GekkoDisassembler.cpp">
      <Filter>DolphinSource</Filter>
    </ClCompile>
    <ClCompile Include="..\..\dolphin-2506a\Source\Core\Common\GenericCPUDetect.cpp">
      <Filter>DolphinSource</Filter>
    </ClCompile>
    <ClCompile Include="..\..\dolphin-2506a\Source\Core\Common\GenericFPURoundMode.cpp">
      <Filter>DolphinSource</Filter>
    </ClCompile>
    <ClCompile Include="..\..\dolphin-2506a\Source\Core\Common\Hash.cpp">
      <Filter>DolphinSource</Filter>
    </ClCompile>
    <ClCompile Include="..\..\dolphin-2506a\Source\Core\Common\HostDisassembler.cpp">
      <Filter>DolphinSource</Filter>
    </ClCompile>
    <ClCompile Include="..\..\dolphin-2506a\Source\Core\Common\HRWrap.cpp">
      <Filter>DolphinSource</Filter>
    </ClCompile>
    <ClCompile Include="..\..\dolphin-2506a\Source\Core\Common\HttpRequest.cpp">
      <Filter>DolphinSource</Filter>
    </ClCompile>
    <ClCompile Include="..\..\dolphin-2506a\Source\Core\Common\Image.cpp">
      <Filter>DolphinSource</Filter>
    </ClCompile>
    <ClCompile Include="..\..\dolphin-2506a\Source\Core\Common\IniFile.cpp">
      <Filter>DolphinSource</Filter>
    </ClCompile>
    <ClCompile Include="..\..\dolphin-2506a\Source\Core\Common\IOFile.cpp">
      <Filter>DolphinSource</Filter>
    </ClCompile>
    <ClCompile Include="..\..\dolphin-2506a\Source\Core\Common\JitRegister.cpp">
      <Filter>DolphinSource</Filter>
    </ClCompile>
    <ClCompile Include="..\..\dolphin-2506a\Source\Core\Common\JsonUtil.cpp">
      <Filter>DolphinSource</Filter>
    </ClCompile>
    <ClCompile Include="..\..\dolphin-2506a\Source\Core\Common\LdrWatcher.cpp">
      <Filter>DolphinSource</Filter>
    </ClCompile>
    <ClCompile Include="..\..\dolphin-2506a\Source\Core\Common\Matrix.cpp">
      <Filter>DolphinSource</Filter>
    </ClCompile>
    <ClCompile Include="..\..\dolphin-2506a\Source\Core\Common\MemArenaAndroid.cpp">
      <Filter>DolphinSource</Filter>
    </ClCompile>
    <ClCompile Include="..\..\dolphin-2506a\Source\Core\Common\MemArenaDarwin.cpp">
      <Filter>DolphinSource</Filter>
    </ClCompile>
    <ClCompile Include="..\..\dolphin-2506a\Source\Core\Common\MemArenaUnix.cpp">
      <Filter>DolphinSource</Filter>
    </ClCompile>
    <ClCompile Include="..\..\dolphin-2506a\Source\Core\Common\MemArenaWin.cpp">
      <Filter>DolphinSource</Filter>
    </ClCompile>
    <ClCompile Include="..\..\dolphin-2506a\Source\Core\Common\MemoryUtil.cpp">
      <Filter>DolphinSource</Filter>
    </ClCompile>
    <ClCompile Include="..\..\dolphin-2506a\Source\Core\Common\MsgHandler.cpp">
      <Filter>DolphinSource</Filter>
    </ClCompile>
    <ClCompile Include="..\..\dolphin-2506a\Source\Core\Common\NandPaths.cpp">
      <Filter>DolphinSource</Filter>
    </ClCompile>
    <ClCompile Include="..\..\dolphin-2506a\Source\Core\Common\Network.cpp">
      <Filter>DolphinSource</Filter>
    </ClCompile>
    <ClCompile Include="..\..\dolphin-2506a\Source\Core\Common\PcapFile.cpp">
      <Filter>DolphinSource</Filter>
    </ClCompile>
    <ClCompile Include="..\..\dolphin-2506a\Source\Core\Common\Profiler.cpp">
      <Filter>DolphinSource</Filter>
    </ClCompile>
    <ClCompile Include="..\..\dolphin-2506a\Source\Core\Common\QoSSession.cpp">
      <Filter>DolphinSource</Filter>
    </ClCompile>
    <ClCompile Include="..\..\dolphin-2506a\Source\Core\Common\Random.cpp">
      <Filter>DolphinSource</Filter>
    </ClCompile>
    <ClCompile Include="..\..\dolphin-2506a\Source\Core\Common\SDCardUtil.cpp">
      <Filter>DolphinSource</Filter>
    </ClCompile>
    <ClCompile Include="..\..\dolphin-2506a\Source\Core\Common\SettingsHandler.cpp">
      <Filter>DolphinSource</Filter>
    </ClCompile>
    <ClCompile Include="..\..\dolphin-2506a\Source\Core\Common\SFMLHelper.cpp">
      <Filter>DolphinSource</Filter>
    </ClCompile>
    <ClCompile Include="..\..\dolphin-2506a\Source\Core\Common\SocketContext.cpp">
      <Filter>DolphinSource</Filter>
    </ClCompile>
    <ClCompile Include="..\..\dolphin-2506a\Source\Core\Common\StringUtil.cpp">
      <Filter>DolphinSource</Filter>
    </ClCompile>
    <ClCompile Include="..\..\dolphin-2506a\Source\Core\Common\SymbolDB.cpp">
      <Filter>DolphinSource</Filter>
    </ClCompile>
    <ClCompile Include="..\..\dolphin-2506a\Source\Core\Core\HW\AddressSpace.cpp">
      <Filter>DolphinSource</Filter>
    </ClCompile>
    <ClCompile Include="..\..\dolphin-2506a\Source\Core\Core\HW\AudioInterface.cpp">
      <Filter>DolphinSource</Filter>
    </ClCompile>
    <ClCompile Include="..\..\dolphin-2506a\Source\Core\Core\HW\CPU.cpp">
      <Filter>DolphinSource</Filter>
    </ClCompile>
    <ClCompile Include="..\..\dolphin-2506a\Source\Core\Core\HW\DSP.cpp">
      <Filter>DolphinSource</Filter>
    </ClCompile>
    <ClCompile Include="..\..\dolphin-2506a\Source\Core\Core\HW\GBACore.cpp">
      <Filter>DolphinSource</Filter>
    </ClCompile>
    <ClCompile Include="..\..\dolphin-2506a\Source\Core\Core\HW\GBAPad.cpp">
      <Filter>DolphinSource</Filter>
    </ClCompile>
    <ClCompile Include="..\..\dolphin-2506a\Source\Core\Core\HW\GBAPadEmu.cpp">
      <Filter>DolphinSource</Filter>
    </ClCompile>
    <ClCompile Include="..\..\dolphin-2506a\Source\Core\Core\HW\GCKeyboard.cpp">
      <Filter>DolphinSource</Filter>
    </ClCompile>
    <ClCompile Include="..\..\dolphin-2506a\Source\Core\Core\HW\GCKeyboardEmu.cpp">
      <Filter>DolphinSource</Filter>
    </ClCompile>
    <ClCompile Include="..\..\dolphin-2506a\Source\Core\Core\HW\GCPad.cpp">
      <Filter>DolphinSource</Filter>
    </ClCompile>
    <ClCompile Include="..\..\dolphin-2506a\Source\Core\Core\HW\GCPadEmu.cpp">
      <Filter>DolphinSource</Filter>
    </ClCompile>
    <ClCompile Include="..\..\dolphin-2506a\Source\Core\Core\HW\GPFifo.cpp">
      <Filter>DolphinSource</Filter>
    </ClCompile>
    <ClCompile Include="..\..\dolphin-2506a\Source\Core\Core\HW\HW.cpp">
      <Filter>DolphinSource</Filter>
    </ClCompile>
    <ClCompile Include="..\..\dolphin-2506a\Source\Core\Core\HW\Memmap.cpp">
      <Filter>DolphinSource</Filter>
    </ClCompile>
    <ClCompile Include="..\..\dolphin-2506a\Source\Core\Core\HW\MemoryInterface.cpp">
      <Filter>DolphinSource</Filter>
    </ClCompile>
    <ClCompile Include="..\..\dolphin-2506a\Source\Core\Core\HW\MMIO.cpp">
      <Filter>DolphinSource</Filter>
    </ClCompile>
    <ClCompile Include="..\..\dolphin-2506a\Source\Core\Core\HW\ProcessorInterface.cpp">
      <Filter>DolphinSource</Filter>
    </ClCompile>
    <ClCompile Include="..\..\dolphin-2506a\Source\Core\Core\HW\Sram.cpp">
      <Filter>DolphinSource</Filter>
    </ClCompile>
    <ClCompile Include="..\..\dolphin-2506a\Source\Core\Core\HW\StreamADPCM.cpp">
      <Filter>DolphinSource</Filter>
    </ClCompile>
    <ClCompile Include="..\..\dolphin-2506a\Source\Core\Core\HW\SystemTimers.cpp">
      <Filter>DolphinSource</Filter>
    </ClCompile>
    <ClCompile Include="..\..\dolphin-2506a\Source\Core\Core\HW\VideoInterface.cpp">
      <Filter>DolphinSource</Filter>
    </ClCompile>
    <ClCompile Include="..\..\dolphin-2506a\Source\Core\Core\HW\WII_IPC.cpp">
      <Filter>DolphinSource</Filter>
    </ClCompile>
    <ClCompile Include="..\..\dolphin-2506a\Source\Core\Core\HW\Wiimote.cpp">
      <Filter>DolphinSource</Filter>
    </ClCompile>
    <ClCompile Include="..\..\dolphin-2506a\Source\Core\Core\HW\WiiSave.cpp">
      <Filter>DolphinSource</Filter>
    </ClCompile>
    <ClCompile Include="Core\Config\SimConfig.cpp">
      <Filter>Source Files</Filter>
    </ClCompile>
    <ClCompile Include="..\..\dolphin-2506a\Source\Core\Core\PowerPC\BreakPoints.cpp">
      <Filter>DolphinSource</Filter>
    </ClCompile>
    <ClCompile Include="..\..\dolphin-2506a\Source\Core\Core\PowerPC\ConditionRegister.cpp">
      <Filter>DolphinSource</Filter>
    </ClCompile>
    <ClCompile Include="..\..\dolphin-2506a\Source\Core\Core\PowerPC\Expression.cpp">
      <Filter>DolphinSource</Filter>
    </ClCompile>
    <ClCompile Include="..\..\dolphin-2506a\Source\Core\Core\PowerPC\GDBStub.cpp">
      <Filter>DolphinSource</Filter>
    </ClCompile>
    <ClCompile Include="..\..\dolphin-2506a\Source\Core\Core\PowerPC\JitInterface.cpp">
      <Filter>DolphinSource</Filter>
    </ClCompile>
    <ClCompile Include="..\..\dolphin-2506a\Source\Core\Core\PowerPC\MMU.cpp">
      <Filter>DolphinSource</Filter>
    </ClCompile>
    <ClCompile Include="..\..\dolphin-2506a\Source\Core\Core\PowerPC\PowerPC.cpp">
      <Filter>DolphinSource</Filter>
    </ClCompile>
    <ClCompile Include="..\..\dolphin-2506a\Source\Core\Core\PowerPC\PPCAnalyst.cpp">
      <Filter>DolphinSource</Filter>
    </ClCompile>
    <ClCompile Include="..\..\dolphin-2506a\Source\Core\Core\PowerPC\PPCCache.cpp">
      <Filter>DolphinSource</Filter>
    </ClCompile>
    <ClCompile Include="..\..\dolphin-2506a\Source\Core\Core\PowerPC\PPCSymbolDB.cpp">
      <Filter>DolphinSource</Filter>
    </ClCompile>
    <ClCompile Include="..\..\dolphin-2506a\Source\Core\Core\PowerPC\PPCTables.cpp">
      <Filter>DolphinSource</Filter>
    </ClCompile>
    <ClCompile Include="..\..\dolphin-2506a\Source\Core\Core\PowerPC\Jit64\Jit.cpp">
      <Filter>DolphinSource</Filter>
    </ClCompile>
    <ClCompile Include="..\..\dolphin-2506a\Source\Core\Core\PowerPC\Jit64\Jit_Branch.cpp">
      <Filter>DolphinSource</Filter>
    </ClCompile>
    <ClCompile Include="..\..\dolphin-2506a\Source\Core\Core\PowerPC\Jit64\Jit_FloatingPoint.cpp">
      <Filter>DolphinSource</Filter>
    </ClCompile>
    <ClCompile Include="..\..\dolphin-2506a\Source\Core\Core\PowerPC\Jit64\Jit_Integer.cpp">
      <Filter>DolphinSource</Filter>
    </ClCompile>
    <ClCompile Include="..\..\dolphin-2506a\Source\Core\Core\PowerPC\Jit64\Jit_LoadStore.cpp">
      <Filter>DolphinSource</Filter>
    </ClCompile>
    <ClCompile Include="..\..\dolphin-2506a\Source\Core\Core\PowerPC\Jit64\Jit_LoadStoreFloating.cpp">
      <Filter>DolphinSource</Filter>
    </ClCompile>
    <ClCompile Include="..\..\dolphin-2506a\Source\Core\Core\PowerPC\Jit64\Jit_LoadStorePaired.cpp">
      <Filter>DolphinSource</Filter>
    </ClCompile>
    <ClCompile Include="..\..\dolphin-2506a\Source\Core\Core\PowerPC\Jit64\Jit_Paired.cpp">
      <Filter>DolphinSource</Filter>
    </ClCompile>
    <ClCompile Include="..\..\dolphin-2506a\Source\Core\Core\PowerPC\Jit64\Jit_SystemRegisters.cpp">
      <Filter>DolphinSource</Filter>
    </ClCompile>
    <ClCompile Include="..\..\dolphin-2506a\Source\Core\Core\PowerPC\Jit64\Jit64_Tables.cpp">
      <Filter>DolphinSource</Filter>
    </ClCompile>
    <ClCompile Include="..\..\dolphin-2506a\Source\Core\Core\PowerPC\Jit64\JitAsm.cpp">
      <Filter>DolphinSource</Filter>
    </ClCompile>
    <ClCompile Include="..\..\dolphin-2506a\Source\Core\Core\PowerPC\Jit64\RegCache\FPURegCache.cpp">
      <Filter>DolphinSource</Filter>
    </ClCompile>
    <ClCompile Include="..\..\dolphin-2506a\Source\Core\Core\PowerPC\Jit64\RegCache\GPRRegCache.cpp">
      <Filter>DolphinSource</Filter>
    </ClCompile>
    <ClCompile Include="..\..\dolphin-2506a\Source\Core\Core\PowerPC\Jit64\RegCache\JitRegCache.cpp">
      <Filter>DolphinSource</Filter>
    </ClCompile>
    <ClCompile Include="..\..\dolphin-2506a\Source\Core\InputCommon\ControllerInterface\ControllerInterface.cpp">
      <Filter>DolphinSource</Filter>
    </ClCompile>
    <ClCompile Include="..\..\dolphin-2506a\Source\Core\InputCommon\ControllerInterface\CoreDevice.cpp">
      <Filter>DolphinSource</Filter>
    </ClCompile>
    <ClCompile Include="..\..\dolphin-2506a\Source\Core\InputCommon\ControllerInterface\InputBackend.cpp">
      <Filter>DolphinSource</Filter>
    </ClCompile>
    <ClCompile Include="..\..\dolphin-2506a\Source\Core\InputCommon\ControllerInterface\MappingCommon.cpp">
      <Filter>DolphinSource</Filter>
    </ClCompile>
    <ClCompile Include="..\..\dolphin-2506a\Source\Core\InputCommon\ControllerInterface\XInput\XInput.cpp">
      <Filter>DolphinSource</Filter>
    </ClCompile>
    <ClCompile Include="..\..\dolphin-2506a\Source\Core\InputCommon\ControllerInterface\Win32\Win32.cpp">
      <Filter>DolphinSource</Filter>
    </ClCompile>
    <ClCompile Include="..\..\dolphin-2506a\Source\Core\InputCommon\ControllerEmu\ControllerEmu.cpp">
      <Filter>DolphinSource</Filter>
    </ClCompile>
    <ClCompile Include="Boot\Boot.cpp">
      <Filter>Core</Filter>
    </ClCompile>
    <ClCompile Include="Core\Branching\Branching.cpp">
      <Filter>Core</Filter>
    </ClCompile>
    <ClCompile Include="Core\DolphinWrapper.cpp">
      <Filter>Core</Filter>
    </ClCompile>
    <ClCompile Include="Core\HostStubs.cpp">
      <Filter>Core</Filter>
    </ClCompile>
    <ClCompile Include="Utils\Log.cpp">
      <Filter>Utils</Filter>
    </ClCompile>
    <ClCompile Include="Utils\SafeEnv.cpp">
      <Filter>Utils</Filter>
    </ClCompile>
    <ClCompile Include="Core\Shims\StateBufferShim.cpp">
      <Filter>Core</Filter>
    </ClCompile>
    <ClCompile Include="Runner\Parallel\ParallelPhaseScriptRunner.cpp">
      <Filter>Runner\Parallel</Filter>
    </ClCompile>
    <ClCompile Include="Runner\Parallel\ProcessWorker.cpp">
      <Filter>Runner\Parallel</Filter>
    </ClCompile>
    <ClCompile Include="..\..\dolphin-2506a\Source\Core\Core\HW\DSPHLE\UCodes\UCodes.cpp">
      <Filter>DolphinSource</Filter>
    </ClCompile>
    <ClCompile Include="Utils\EnsureSys.cpp">
      <Filter>Utils</Filter>
    </ClCompile>
    <ClCompile Include="Utils\ProgressBar.cpp">
      <Filter>Utils</Filter>
    </ClCompile>
    <ClCompile Include="Utils\MultiProgress.cpp">
      <Filter>Utils</Filter>
    </ClCompile>
    <ClCompile Include="Phases\RNGSeedDeltaMap.cpp">
      <Filter>Phases</Filter>
    </ClCompile>
    <ClCompile Include="Tas\DtmFile.cpp">
      <Filter>IO</Filter>
    </ClCompile>
    <ClCompile Include="Phases\FirstBattleGenerator.cpp">
      <Filter>Phases</Filter>
    </ClCompile>
    <ClCompile Include="Runner\Script\PhaseScriptVM.cpp">
      <Filter>Runner\VM</Filter>
    </ClCompile>
    <ClCompile Include="Runner\Script\PSContextCodec.cpp">
      <Filter>Runner\VM</Filter>
    </ClCompile>
    <ClCompile Include="Runner\Breakpoints\BPRegistry.cpp">
      <Filter>Runner\Breakpoints</Filter>
    </ClCompile>
    <ClCompile Include="Phases\Programs\BattleRunner\BattleRunnerPayload.cpp">
      <Filter>Phases\BattleRunner</Filter>
    </ClCompile>
    <ClCompile Include="Phases\Programs\SeedProbe\SeedProbePayload.cpp">
      <Filter>Phases\SeedProbe</Filter>
    </ClCompile>
    <ClCompile Include="Phases\Programs\PlayTasMovie\TasMoviePayload.cpp">
      <Filter>Phases\TasMovie</Filter>
    </ClCompile>
    <ClCompile Include="Runner\Breakpoints\Predicate.cpp">
      <Filter>Runner\Breakpoints</Filter>
    </ClCompile>
    <ClCompile Include="Runner\Script\KeyRegistry.cpp">
      <Filter>Runner\VM</Filter>
    </ClCompile>
    <ClCompile Include="Core\Input\InputPlanFmt.cpp">
      <Filter>Core\Input</Filter>
    </ClCompile>
    <ClCompile Include="Core\Input\GCPadOverride.cpp">
      <Filter>Core\Input</Filter>
    </ClCompile>
    <ClCompile Include="Core\Input\SoaBattle\ActionLibrary.cpp">
      <Filter>Core\Input\SoaBattle</Filter>
    </ClCompile>
    <ClCompile Include="Core\Input\SoaBattle\PlanWriter.cpp">
      <Filter>Core\Input\SoaBattle</Filter>
    </ClCompile>
    <ClCompile Include="Core\Input\SoaBattle\ActionPlanSerializer.cpp">
      <Filter>Core\Input\SoaBattle</Filter>
    </ClCompile>
    <ClCompile Include="Core\Memory\Soa\SoaAddrRegistry.cpp">
      <Filter>Core\Memory\Soa</Filter>
    </ClCompile>
    <ClCompile Include="Core\Memory\Soa\Battle\BattleContextCodec.cpp">
      <Filter>Core\Memory\Soa\Battle</Filter>
    </ClCompile>
    <ClCompile Include="Phases\BattleExplorer.cpp">
      <Filter>Phases</Filter>
    </ClCompile>
    <ClCompile Include="Core\Memory\Soa\SoaAddrProgram.cpp">
      <Filter>Core\Memory\Soa</Filter>
    </ClCompile>
    <ClCompile Include="Core\Memory\Soa\SoaAddrProgramBuilder.cpp">
      <Filter>Core\Memory\Soa</Filter>
    </ClCompile>
    <ClCompile Include="Core\Memory\Soa\SoaAddrCatalog.cpp">
      <Filter>Core\Memory\Soa</Filter>
    </ClCompile>
    <ClCompile Include="Phases\Programs\ProgramRegistry.cpp">
      <Filter>Phases</Filter>
    </ClCompile>
    <ClCompile Include="Phases\Programs\BattleContext\BattleContextPayload.cpp">
      <Filter>Phases\BattleContext</Filter>
    </ClCompile>
    <ClCompile Include="DB\DbEnv.cpp">
      <Filter>DB</Filter>
    </ClCompile>
    <ClCompile Include="DB\MigrationRunner.cpp">
      <Filter>DB</Filter>
    </ClCompile>
    <ClCompile Include="DB\ObjectStore.cpp">
      <Filter>DB</Filter>
    </ClCompile>
    <ClCompile Include="DB\SavestateRepo.cpp">
      <Filter>DB</Filter>
    </ClCompile>
  </ItemGroup>
  <ItemGroup>
    <None Include="Interesting SOA Addresses.md" />
    <None Include="_TODO.md" />
    <None Include="Utils\soa_struct_reflector.py">
      <Filter>Utils</Filter>
    </None>
    <None Include="DB\migration\0003.sql">
      <Filter>DB\Migration</Filter>
    </None>
    <None Include="DB\migration\0001.sql">
      <Filter>DB\Migration</Filter>
    </None>
    <None Include="DB\migration\0002.sql">
      <Filter>DB\Migration</Filter>
    </None>
  </ItemGroup>
</Project>